
Microsoft Visual Studio Solution File, Format Version 12.00
# Visual Studio Version 16
VisualStudioVersion = 16.0.28803.452
MinimumVisualStudioVersion = 10.0.40219.1
Project("{FAE04EC0-301F-11D3-BF4B-00C04F79EFBC}") = "specifiedoperations1", "specifiedoperations1.csproj", "{7B04F683-1C39-4FD0-A8F6-A2CF558777F8}"
EndProject
Global
	GlobalSection(SolutionConfigurationPlatforms) = preSolution
		Debug|Any CPU = Debug|Any CPU
		Release|Any CPU = Release|Any CPU
	EndGlobalSection
	GlobalSection(ProjectConfigurationPlatforms) = postSolution
		{7B04F683-1C39-4FD0-A8F6-A2CF558777F8}.Debug|Any CPU.ActiveCfg = Debug|Any CPU
		{7B04F683-1C39-4FD0-A8F6-A2CF558777F8}.Debug|Any CPU.Build.0 = Debug|Any CPU
		{7B04F683-1C39-4FD0-A8F6-A2CF558777F8}.Release|Any CPU.ActiveCfg = Release|Any CPU
		{7B04F683-1C39-4FD0-A8F6-A2CF558777F8}.Release|Any CPU.Build.0 = Release|Any CPU
	EndGlobalSection
	GlobalSection(SolutionProperties) = preSolution
		HideSolutionNode = FALSE
	EndGlobalSection
	GlobalSection(ExtensibilityGlobals) = postSolution
		SolutionGuid = {88481ABB-BA63-403F-8D86-2AD0853FAEC7}
	EndGlobalSection
EndGlobal
